
Microsoft Visual Studio Solution File, Format Version 12.00
# Visual Studio Version 16
VisualStudioVersion = 16.0.30621.155
MinimumVisualStudioVersion = 10.0.40219.1
Project("{8BC9CEB8-8B4A-11D0-8D11-00A0C91BC942}") = "DllTest", "DllTest\DllTest.vcxproj", "{9F0F831D-D427-47CE-A01B-7DDC805A3A28}"
	ProjectSection(ProjectDependencies) = postProject
		{2891AC36-8FA8-4C81-80D4-5839ABCFD54E} = {2891AC36-8FA8-4C81-80D4-5839ABCFD54E}
		{DBAE805D-B76B-411C-9744-E61388400018} = {DBAE805D-B76B-411C-9744-E61388400018}
	EndProjectSection
EndProject
Project("{8BC9CEB8-8B4A-11D0-8D11-00A0C91BC942}") = "MFCLibrary", "MFCLibrary\MFCLibrary.vcxproj", "{DBAE805D-B76B-411C-9744-E61388400018}"
EndProject
Project("{8BC9CEB8-8B4A-11D0-8D11-00A0C91BC942}") = "MyDll", "MyDll\MyDll.vcxproj", "{2891AC36-8FA8-4C81-80D4-5839ABCFD54E}"
EndProject
Global
	GlobalSection(SolutionConfigurationPlatforms) = preSolution
		Debug|x64 = Debug|x64
		Debug|x86 = Debug|x86
		Release|x64 = Release|x64
		Release|x86 = Release|x86
	EndGlobalSection
	GlobalSection(ProjectConfigurationPlatforms) = postSolution
		{9F0F831D-D427-47CE-A01B-7DDC805A3A28}.Debug|x64.ActiveCfg = Debug|x64
		{9F0F831D-D427-47CE-A01B-7DDC805A3A28}.Debug|x64.Build.0 = Debug|x64
		{9F0F831D-D427-47CE-A01B-7DDC805A3A28}.Debug|x86.ActiveCfg = Debug|Win32
		{9F0F831D-D427-47CE-A01B-7DDC805A3A28}.Debug|x86.Build.0 = Debug|Win32
		{9F0F831D-D427-47CE-A01B-7DDC805A3A28}.Release|x64.ActiveCfg = Release|x64
		{9F0F831D-D427-47CE-A01B-7DDC805A3A28}.Release|x64.Build.0 = Release|x64
		{9F0F831D-D427-47CE-A01B-7DDC805A3A28}.Release|x86.ActiveCfg = Release|Win32
		{9F0F831D-D427-47CE-A01B-7DDC805A3A28}.Release|x86.Build.0 = Release|Win32
		{DBAE805D-B76B-411C-9744-E61388400018}.Debug|x64.ActiveCfg = Debug|x64
		{DBAE805D-B76B-411C-9744-E61388400018}.Debug|x64.Build.0 = Debug|x64
		{DBAE805D-B76B-411C-9744-E61388400018}.Debug|x86.ActiveCfg = Debug|Win32
		{DBAE805D-B76B-411C-9744-E61388400018}.Debug|x86.Build.0 = Debug|Win32
		{DBAE805D-B76B-411C-9744-E61388400018}.Release|x64.ActiveCfg = Release|x64
		{DBAE805D-B76B-411C-9744-E61388400018}.Release|x64.Build.0 = Release|x64
		{DBAE805D-B76B-411C-9744-E61388400018}.Release|x86.ActiveCfg = Release|Win32
		{DBAE805D-B76B-411C-9744-E61388400018}.Release|x86.Build.0 = Release|Win32
		{2891AC36-8FA8-4C81-80D4-5839ABCFD54E}.Debug|x64.ActiveCfg = Debug|x64
		{2891AC36-8FA8-4C81-80D4-5839ABCFD54E}.Debug|x64.Build.0 = Debug|x64
		{2891AC36-8FA8-4C81-80D4-5839ABCFD54E}.Debug|x86.ActiveCfg = Debug|Win32
		{2891AC36-8FA8-4C81-80D4-5839ABCFD54E}.Debug|x86.Build.0 = Debug|Win32
		{2891AC36-8FA8-4C81-80D4-5839ABCFD54E}.Release|x64.ActiveCfg = Release|x64
		{2891AC36-8FA8-4C81-80D4-5839ABCFD54E}.Release|x64.Build.0 = Release|x64
		{2891AC36-8FA8-4C81-80D4-5839ABCFD54E}.Release|x86.ActiveCfg = Release|Win32
		{2891AC36-8FA8-4C81-80D4-5839ABCFD54E}.Release|x86.Build.0 = Release|Win32
	EndGlobalSection
	GlobalSection(SolutionProperties) = preSolution
		HideSolutionNode = FALSE
	EndGlobalSection
	GlobalSection(ExtensibilityGlobals) = postSolution
		SolutionGuid = {4F00EEA8-CD17-4201-B6EF-DA20C15450C7}
	EndGlobalSection
EndGlobal
